<?xml version="1.0" encoding="utf-8"?>
<Project ToolsVersion="4.0" xmlns="http://schemas.microsoft.com/developer/msbuild/2003">
  <ItemGroup>
    <Filter Include="Fichiers sources">
      <UniqueIdentifier>{4FC737F1-C7A5-4376-A066-2A32D752A2FF}</UniqueIdentifier>
      <Extensions>cpp;c;cc;cxx;c++;cppm;ixx;def;odl;idl;hpj;bat;asm;asmx</Extensions>
    </Filter>
    <Filter Include="Fichiers d%27en-tête">
      <UniqueIdentifier>{93995380-89BD-4b04-88EB-625FBE52EBFB}</UniqueIdentifier>
      <Extensions>h;hh;hpp;hxx;h++;hm;inl;inc;ipp;xsd</Extensions>
    </Filter>
    <Filter Include="Fichiers de ressources">
      <UniqueIdentifier>{67DA6AB6-F800-4c08-8B7A-83BB121AAD01}</UniqueIdentifier>
      <Extensions>rc;ico;cur;bmp;dlg;rc2;rct;bin;rgs;gif;jpg;jpeg;jpe;resx;tiff;tif;png;wav;mfcribbon-ms</Extensions>
    </Filter>
    <Filter Include="NewFilter1">
      <UniqueIdentifier>{76b05ff5-74c9-43a7-b885-d1822d700b57}</UniqueIdentifier>
    </Filter>
    <Filter Include="Fichiers d%27en-tête\BlackShcolesImplementations">
      <UniqueIdentifier>{1b3f9bd1-d8f8-4e32-a941-04a5cde4967a}</UniqueIdentifier>
    </Filter>
    <Filter Include="Fichiers sources\BlackScholesImplementations">
      <UniqueIdentifier>{869c1a2f-cebd-4db8-b9e4-2a53035b2247}</UniqueIdentifier>
    </Filter>
  </ItemGroup>
  <ItemGroup>
    <ClCompile Include="ModernCpp-QuantLib.cpp">
      <Filter>Fichiers sources</Filter>
    </ClCompile>
    <ClCompile Include="BlackScholes.cpp">
      <Filter>Fichiers sources\BlackScholesImplementations</Filter>
    </ClCompile>
    <ClCompile Include="ImpliedVolatilitySecant.cpp">
      <Filter>Fichiers sources\BlackScholesImplementations</Filter>
    </ClCompile>
  </ItemGroup>
  <ItemGroup>
    <ClInclude Include="BlackScholes.h">
      <Filter>Fichiers d%27en-tête\BlackShcolesImplementations</Filter>
    </ClInclude>
    <ClInclude Include="ImpliedVolatilitySecant.h">
      <Filter>Fichiers d%27en-tête\BlackShcolesImplementations</Filter>
    </ClInclude>
  </ItemGroup>
</Project>